
Microsoft Visual Studio Solution File, Format Version 12.00
# Visual Studio 2012
Project("{FAE04EC0-301F-11D3-BF4B-00C04F79EFBC}") = "BlackBox", "BlackBox\BlackBox.csproj", "{3F7F416F-8D06-41DB-8EDA-8A247B048BA6}"
EndProject
Project("{FAE04EC0-301F-11D3-BF4B-00C04F79EFBC}") = "BBConfigurator", "BBConfigurator\BBConfigurator.csproj", "{A546D0B0-EA99-4037-953E-A7284530982E}"
EndProject
Project("{FAE04EC0-301F-11D3-BF4B-00C04F79EFBC}") = "BBService", "BBService\BBService.csproj", "{E535B71E-4F07-4AE3-ABDF-0BE7F684E092}"
EndProject
Project("{FAE04EC0-301F-11D3-BF4B-00C04F79EFBC}") = "BBCommon", "BBCommon\BBCommon.csproj", "{E50434A3-D456-4291-9DF7-27B4D71F49CC}"
EndProject
Global
	GlobalSection(SolutionConfigurationPlatforms) = preSolution
		Debug|Any CPU = Debug|Any CPU
		Release|Any CPU = Release|Any CPU
	EndGlobalSection
	GlobalSection(ProjectConfigurationPlatforms) = postSolution
		{3F7F416F-8D06-41DB-8EDA-8A247B048BA6}.Debug|Any CPU.ActiveCfg = Debug|Any CPU
		{3F7F416F-8D06-41DB-8EDA-8A247B048BA6}.Debug|Any CPU.Build.0 = Debug|Any CPU
		{3F7F416F-8D06-41DB-8EDA-8A247B048BA6}.Release|Any CPU.ActiveCfg = Release|Any CPU
		{3F7F416F-8D06-41DB-8EDA-8A247B048BA6}.Release|Any CPU.Build.0 = Release|Any CPU
		{A546D0B0-EA99-4037-953E-A7284530982E}.Debug|Any CPU.ActiveCfg = Debug|Any CPU
		{A546D0B0-EA99-4037-953E-A7284530982E}.Debug|Any CPU.Build.0 = Debug|Any CPU
		{A546D0B0-EA99-4037-953E-A7284530982E}.Release|Any CPU.ActiveCfg = Release|Any CPU
		{A546D0B0-EA99-4037-953E-A7284530982E}.Release|Any CPU.Build.0 = Release|Any CPU
		{E535B71E-4F07-4AE3-ABDF-0BE7F684E092}.Debug|Any CPU.ActiveCfg = Debug|Any CPU
		{E535B71E-4F07-4AE3-ABDF-0BE7F684E092}.Debug|Any CPU.Build.0 = Debug|Any CPU
		{E535B71E-4F07-4AE3-ABDF-0BE7F684E092}.Release|Any CPU.ActiveCfg = Release|Any CPU
		{E535B71E-4F07-4AE3-ABDF-0BE7F684E092}.Release|Any CPU.Build.0 = Release|Any CPU
		{E50434A3-D456-4291-9DF7-27B4D71F49CC}.Debug|Any CPU.ActiveCfg = Debug|Any CPU
		{E50434A3-D456-4291-9DF7-27B4D71F49CC}.Debug|Any CPU.Build.0 = Debug|Any CPU
		{E50434A3-D456-4291-9DF7-27B4D71F49CC}.Release|Any CPU.ActiveCfg = Release|Any CPU
		{E50434A3-D456-4291-9DF7-27B4D71F49CC}.Release|Any CPU.Build.0 = Release|Any CPU
	EndGlobalSection
	GlobalSection(SolutionProperties) = preSolution
		HideSolutionNode = FALSE
	EndGlobalSection
EndGlobal
